
Microsoft Visual Studio Solution File, Format Version 12.00
# Visual Studio Version 17
VisualStudioVersion = 17.0.31903.59
MinimumVisualStudioVersion = 10.0.40219.1
Project("{FAE04EC0-301F-11D3-BF4B-00C04F79EFBC}") = "test_webapi", "test_webapi\test_webapi.csproj", "{819F398D-5E2D-4BE3-BC6C-FE66898306A1}"
EndProject
Project("{FAE04EC0-301F-11D3-BF4B-00C04F79EFBC}") = "Tests", "Tests\Tests.csproj", "{CC016EDA-1A7C-421D-AEBE-D3C182C08906}"
EndProject
Global
	GlobalSection(SolutionConfigurationPlatforms) = preSolution
		Debug|Any CPU = Debug|Any CPU
		Release|Any CPU = Release|Any CPU
	EndGlobalSection
	GlobalSection(SolutionProperties) = preSolution
		HideSolutionNode = FALSE
	EndGlobalSection
	GlobalSection(ProjectConfigurationPlatforms) = postSolution
		{819F398D-5E2D-4BE3-BC6C-FE66898306A1}.Debug|Any CPU.ActiveCfg = Debug|Any CPU
		{819F398D-5E2D-4BE3-BC6C-FE66898306A1}.Debug|Any CPU.Build.0 = Debug|Any CPU
		{819F398D-5E2D-4BE3-BC6C-FE66898306A1}.Release|Any CPU.ActiveCfg = Release|Any CPU
		{819F398D-5E2D-4BE3-BC6C-FE66898306A1}.Release|Any CPU.Build.0 = Release|Any CPU
		{CC016EDA-1A7C-421D-AEBE-D3C182C08906}.Debug|Any CPU.ActiveCfg = Debug|Any CPU
		{CC016EDA-1A7C-421D-AEBE-D3C182C08906}.Debug|Any CPU.Build.0 = Debug|Any CPU
		{CC016EDA-1A7C-421D-AEBE-D3C182C08906}.Release|Any CPU.ActiveCfg = Release|Any CPU
		{CC016EDA-1A7C-421D-AEBE-D3C182C08906}.Release|Any CPU.Build.0 = Release|Any CPU
	EndGlobalSection
EndGlobal
